
Microsoft Visual Studio Solution File, Format Version 12.00
# Visual Studio 15
VisualStudioVersion = 15.0.28307.705
MinimumVisualStudioVersion = 10.0.40219.1
Project("{FAE04EC0-301F-11D3-BF4B-00C04F79EFBC}") = "DiaryShare.Core", "DiaryShare.Core\DiaryShare.Core.csproj", "{2DAEA145-29AF-4BB0-A9B1-62D69BDA828F}"
EndProject
Project("{FAE04EC0-301F-11D3-BF4B-00C04F79EFBC}") = "DiaryShare.Entities", "DiaryShare.Entities\DiaryShare.Entities.csproj", "{E6415743-3DAA-4AD5-8073-2DE8FB1FE286}"
EndProject
Project("{FAE04EC0-301F-11D3-BF4B-00C04F79EFBC}") = "DiaryShare.DAL", "DiaryShare.DAL\DiaryShare.DAL.csproj", "{281BC27E-56EA-4786-A282-FF3562F1F417}"
EndProject
Project("{FAE04EC0-301F-11D3-BF4B-00C04F79EFBC}") = "DiaryShare.BLL", "DiaryShare.BLL\DiaryShare.BLL.csproj", "{82D80734-F588-4895-85B5-7E57B6C2E869}"
EndProject
Project("{FAE04EC0-301F-11D3-BF4B-00C04F79EFBC}") = "DiaryShare.MVCWebUI", "DiaryShare.MVCWebUI\DiaryShare.MVCWebUI.csproj", "{1897EFAF-D141-405A-A831-A1F9BDE297CA}"
EndProject
Global
	GlobalSection(SolutionConfigurationPlatforms) = preSolution
		Debug|Any CPU = Debug|Any CPU
		Release|Any CPU = Release|Any CPU
	EndGlobalSection
	GlobalSection(ProjectConfigurationPlatforms) = postSolution
		{2DAEA145-29AF-4BB0-A9B1-62D69BDA828F}.Debug|Any CPU.ActiveCfg = Debug|Any CPU
		{2DAEA145-29AF-4BB0-A9B1-62D69BDA828F}.Debug|Any CPU.Build.0 = Debug|Any CPU
		{2DAEA145-29AF-4BB0-A9B1-62D69BDA828F}.Release|Any CPU.ActiveCfg = Release|Any CPU
		{2DAEA145-29AF-4BB0-A9B1-62D69BDA828F}.Release|Any CPU.Build.0 = Release|Any CPU
		{E6415743-3DAA-4AD5-8073-2DE8FB1FE286}.Debug|Any CPU.ActiveCfg = Debug|Any CPU
		{E6415743-3DAA-4AD5-8073-2DE8FB1FE286}.Debug|Any CPU.Build.0 = Debug|Any CPU
		{E6415743-3DAA-4AD5-8073-2DE8FB1FE286}.Release|Any CPU.ActiveCfg = Release|Any CPU
		{E6415743-3DAA-4AD5-8073-2DE8FB1FE286}.Release|Any CPU.Build.0 = Release|Any CPU
		{281BC27E-56EA-4786-A282-FF3562F1F417}.Debug|Any CPU.ActiveCfg = Debug|Any CPU
		{281BC27E-56EA-4786-A282-FF3562F1F417}.Debug|Any CPU.Build.0 = Debug|Any CPU
		{281BC27E-56EA-4786-A282-FF3562F1F417}.Release|Any CPU.ActiveCfg = Release|Any CPU
		{281BC27E-56EA-4786-A282-FF3562F1F417}.Release|Any CPU.Build.0 = Release|Any CPU
		{82D80734-F588-4895-85B5-7E57B6C2E869}.Debug|Any CPU.ActiveCfg = Debug|Any CPU
		{82D80734-F588-4895-85B5-7E57B6C2E869}.Debug|Any CPU.Build.0 = Debug|Any CPU
		{82D80734-F588-4895-85B5-7E57B6C2E869}.Release|Any CPU.ActiveCfg = Release|Any CPU
		{82D80734-F588-4895-85B5-7E57B6C2E869}.Release|Any CPU.Build.0 = Release|Any CPU
		{1897EFAF-D141-405A-A831-A1F9BDE297CA}.Debug|Any CPU.ActiveCfg = Debug|Any CPU
		{1897EFAF-D141-405A-A831-A1F9BDE297CA}.Debug|Any CPU.Build.0 = Debug|Any CPU
		{1897EFAF-D141-405A-A831-A1F9BDE297CA}.Release|Any CPU.ActiveCfg = Release|Any CPU
		{1897EFAF-D141-405A-A831-A1F9BDE297CA}.Release|Any CPU.Build.0 = Release|Any CPU
	EndGlobalSection
	GlobalSection(SolutionProperties) = preSolution
		HideSolutionNode = FALSE
	EndGlobalSection
	GlobalSection(ExtensibilityGlobals) = postSolution
		SolutionGuid = {F7D1D822-C74E-4484-9714-B570C0337A52}
	EndGlobalSection
EndGlobal
